// !$*UTF8*$!
{
	archiveVersion = 1;
	classes = {
	};
	objectVersion = 56;
	objects = {

/* Begin PBXBuildFile section */
		3073A35B2A0A6AC9003475C1 /* AppDelegate.swift in Sources */ = {isa = PBXBuildFile; fileRef = 3073A35A2A0A6AC9003475C1 /* AppDelegate.swift */; };
		3073A35D2A0A6AC9003475C1 /* SceneDelegate.swift in Sources */ = {isa = PBXBuildFile; fileRef = 3073A35C2A0A6AC9003475C1 /* SceneDelegate.swift */; };
		3073A35F2A0A6AC9003475C1 /* ViewController.swift in Sources */ = {isa = PBXBuildFile; fileRef = 3073A35E2A0A6AC9003475C1 /* ViewController.swift */; };
		3073A3622A0A6AC9003475C1 /* Main.storyboard in Resources */ = {isa = PBXBuildFile; fileRef = 3073A3602A0A6AC9003475C1 /* Main.storyboard */; };
		3073A3642A0A6ACB003475C1 /* Assets.xcassets in Resources */ = {isa = PBXBuildFile; fileRef = 3073A3632A0A6ACB003475C1 /* Assets.xcassets */; };
		3073A3672A0A6ACB003475C1 /* LaunchScreen.storyboard in Resources */ = {isa = PBXBuildFile; fileRef = 3073A3652A0A6ACB003475C1 /* LaunchScreen.storyboard */; };
		3073A36F2A0A6ADA003475C1 /* FlowerClassifier.mlmodel in Sources */ = {isa = PBXBuildFile; fileRef = 3073A36E2A0A6AD9003475C1 /* FlowerClassifier.mlmodel */; };
		3073A3722A0A81BE003475C1 /* Alamofire in Frameworks */ = {isa = PBXBuildFile; productRef = 3073A3712A0A81BE003475C1 /* Alamofire */; };
		3073A3752A0A81F8003475C1 /* SwiftyJSON in Frameworks */ = {isa = PBXBuildFile; productRef = 3073A3742A0A81F8003475C1 /* SwiftyJSON */; };
		3073A3772A0BFBBD003475C1 /* default.jpg in Resources */ = {isa = PBXBuildFile; fileRef = 3073A3762A0BFBBD003475C1 /* default.jpg */; };
/* End PBXBuildFile section */

/* Begin PBXFileReference section */
		3073A3572A0A6AC9003475C1 /* PlantIdentifier.app */ = {isa = PBXFileReference; explicitFileType = wrapper.application; includeInIndex = 0; path = PlantIdentifier.app; sourceTree = BUILT_PRODUCTS_DIR; };
		3073A35A2A0A6AC9003475C1 /* AppDelegate.swift */ = {isa = PBXFileReference; lastKnownFileType = sourcecode.swift; path = AppDelegate.swift; sourceTree = "<group>"; };
		3073A35C2A0A6AC9003475C1 /* SceneDelegate.swift */ = {isa = PBXFileReference; lastKnownFileType = sourcecode.swift; path = SceneDelegate.swift; sourceTree = "<group>"; };
		3073A35E2A0A6AC9003475C1 /* ViewController.swift */ = {isa = PBXFileReference; lastKnownFileType = sourcecode.swift; path = ViewController.swift; sourceTree = "<group>"; };
		3073A3612A0A6AC9003475C1 /* Base */ = {isa = PBXFileReference; lastKnownFileType = file.storyboard; name = Base; path = Base.lproj/Main.storyboard; sourceTree = "<group>"; };
		3073A3632A0A6ACB003475C1 /* Assets.xcassets */ = {isa = PBXFileReference; lastKnownFileType = folder.assetcatalog; path = Assets.xcassets; sourceTree = "<group>"; };
		3073A3662A0A6ACB003475C1 /* Base */ = {isa = PBXFileReference; lastKnownFileType = file.storyboard; name = Base; path = Base.lproj/LaunchScreen.storyboard; sourceTree = "<group>"; };
		3073A3682A0A6ACB003475C1 /* Info.plist */ = {isa = PBXFileReference; lastKnownFileType = text.plist.xml; path = Info.plist; sourceTree = "<group>"; };
		3073A36E2A0A6AD9003475C1 /* FlowerClassifier.mlmodel */ = {isa = PBXFileReference; lastKnownFileType = file.mlmodel; path = FlowerClassifier.mlmodel; sourceTree = "<group>"; };
		3073A3762A0BFBBD003475C1 /* default.jpg */ = {isa = PBXFileReference; lastKnownFileType = image.jpeg; path = default.jpg; sourceTree = "<group>"; };
/* End PBXFileReference section */

/* Begin PBXFrameworksBuildPhase section */
		3073A3542A0A6AC9003475C1 /* Frameworks */ = {
			isa = PBXFrameworksBuildPhase;
			buildActionMask = 2147483647;
			files = (
				3073A3752A0A81F8003475C1 /* SwiftyJSON in Frameworks */,
				3073A3722A0A81BE003475C1 /* Alamofire in Frameworks */,
			);
			runOnlyForDeploymentPostprocessing = 0;
		};
/* End PBXFrameworksBuildPhase section */

/* Begin PBXGroup section */
		3073A34E2A0A6AC9003475C1 = {
			isa = PBXGroup;
			children = (
				3073A3592A0A6AC9003475C1 /* PlantIdentifier */,
				3073A3582A0A6AC9003475C1 /* Products */,
			);
			sourceTree = "<group>";
		};
		3073A3582A0A6AC9003475C1 /* Products */ = {
			isa = PBXGroup;
			children = (
				3073A3572A0A6AC9003475C1 /* PlantIdentifier.app */,
			);
			name = Products;
			sourceTree = "<group>";
		};
		3073A3592A0A6AC9003475C1 /* PlantIdentifier */ = {
			isa = PBXGroup;
			children = (
				3073A35A2A0A6AC9003475C1 /* AppDelegate.swift */,
				3073A35C2A0A6AC9003475C1 /* SceneDelegate.swift */,
				3073A35E2A0A6AC9003475C1 /* ViewController.swift */,
				3073A3602A0A6AC9003475C1 /* Main.storyboard */,
				3073A3632A0A6ACB003475C1 /* Assets.xcassets */,
				3073A3762A0BFBBD003475C1 /* default.jpg */,
				3073A3652A0A6ACB003475C1 /* LaunchScreen.storyboard */,
				3073A3682A0A6ACB003475C1 /* Info.plist */,
				3073A36E2A0A6AD9003475C1 /* FlowerClassifier.mlmodel */,
			);
			path = PlantIdentifier;
			sourceTree = "<group>";
		};
/* End PBXGroup section */

/* Begin PBXNativeTarget section */
		3073A3562A0A6AC9003475C1 /* PlantIdentifier */ = {
			isa = PBXNativeTarget;
			buildConfigurationList = 3073A36B2A0A6ACB003475C1 /* Build configuration list for PBXNativeTarget "PlantIdentifier" */;
			buildPhases = (
				3073A3532A0A6AC9003475C1 /* Sources */,
				3073A3542A0A6AC9003475C1 /* Frameworks */,
				3073A3552A0A6AC9003475C1 /* Resources */,
			);
			buildRules = (
			);
			dependencies = (
			);
			name = PlantIdentifier;
			packageProductDependencies = (
				3073A3712A0A81BE003475C1 /* Alamofire */,
				3073A3742A0A81F8003475C1 /* SwiftyJSON */,
			);
			productName = PlantIdentifier;
			productReference = 3073A3572A0A6AC9003475C1 /* PlantIdentifier.app */;
			productType = "com.apple.product-type.application";
		};
/* End PBXNativeTarget section */

/* Begin PBXProject section */
		3073A34F2A0A6AC9003475C1 /* Project object */ = {
			isa = PBXProject;
			attributes = {
				BuildIndependentTargetsInParallel = 1;
				LastSwiftUpdateCheck = 1430;
				LastUpgradeCheck = 1430;
				TargetAttributes = {
					3073A3562A0A6AC9003475C1 = {
						CreatedOnToolsVersion = 14.3;
					};
				};
			};
			buildConfigurationList = 3073A3522A0A6AC9003475C1 /* Build configuration list for PBXProject "PlantIdentifier" */;
			compatibilityVersion = "Xcode 14.0";
			developmentRegion = en;
			hasScannedForEncodings = 0;
			knownRegions = (
				en,
				Base,
			);
			mainGroup = 3073A34E2A0A6AC9003475C1;
			packageReferences = (
				3073A3702A0A81BE003475C1 /* XCRemoteSwiftPackageReference "Alamofire" */,
				3073A3732A0A81F8003475C1 /* XCRemoteSwiftPackageReference "SwiftyJSON" */,
			);
			productRefGroup = 3073A3582A0A6AC9003475C1 /* Products */;
			projectDirPath = "";
			projectRoot = "";
			targets = (
				3073A3562A0A6AC9003475C1 /* PlantIdentifier */,
			);
		};
/* End PBXProject section */

/* Begin PBXResourcesBuildPhase section */
		3073A3552A0A6AC9003475C1 /* Resources */ = {
			isa = PBXResourcesBuildPhase;
			buildActionMask = 2147483647;
			files = (
				3073A3672A0A6ACB003475C1 /* LaunchScreen.storyboard in Resources */,
				3073A3642A0A6ACB003475C1 /* Assets.xcassets in Resources */,
				3073A3622A0A6AC9003475C1 /* Main.storyboard in Resources */,
				3073A3772A0BFBBD003475C1 /* default.jpg in Resources */,
			);
			runOnlyForDeploymentPostprocessing = 0;
		};
/* End PBXResourcesBuildPhase section */

/* Begin PBXSourcesBuildPhase section */
		3073A3532A0A6AC9003475C1 /* Sources */ = {
			isa = PBXSourcesBuildPhase;
			buildActionMask = 2147483647;
			files = (
				3073A36F2A0A6ADA003475C1 /* FlowerClassifier.mlmodel in Sources */,
				3073A35F2A0A6AC9003475C1 /* ViewController.swift in Sources */,
				3073A35B2A0A6AC9003475C1 /* AppDelegate.swift in Sources */,
				3073A35D2A0A6AC9003475C1 /* SceneDelegate.swift in Sources */,
			);
			runOnlyForDeploymentPostprocessing = 0;
		};
/* End PBXSourcesBuildPhase section */

/* Begin PBXVariantGroup section */
		3073A3602A0A6AC9003475C1 /* Main.storyboard */ = {
			isa = PBXVariantGroup;
			children = (
				3073A3612A0A6AC9003475C1 /* Base */,
			);
			name = Main.storyboard;
			sourceTree = "<group>";
		};
		3073A3652A0A6ACB003475C1 /* LaunchScreen.storyboard */ = {
			isa = PBXVariantGroup;
			children = (
				3073A3662A0A6ACB003475C1 /* Base */,
			);
			name = LaunchScreen.storyboard;
			sourceTree = "<group>";
		};
/* End PBXVariantGroup section */

/* Begin XCBuildConfiguration section */
		3073A3692A0A6ACB003475C1 /* Debug */ = {
			isa = XCBuildConfiguration;
			buildSettings = {
				ALWAYS_SEARCH_USER_PATHS = NO;
				CLANG_ANALYZER_NONNULL = YES;
				CLANG_ANALYZER_NUMBER_OBJECT_CONVERSION = YES_AGGRESSIVE;
				CLANG_CXX_LANGUAGE_STANDARD = "gnu++20";
				CLANG_ENABLE_MODULES = YES;
				CLANG_ENABLE_OBJC_ARC = YES;
				CLANG_ENABLE_OBJC_WEAK = YES;
				CLANG_WARN_BLOCK_CAPTURE_AUTORELEASING = YES;
				CLANG_WARN_BOOL_CONVERSION = YES;
				CLANG_WARN_COMMA = YES;
				CLANG_WARN_CONSTANT_CONVERSION = YES;
				CLANG_WARN_DEPRECATED_OBJC_IMPLEMENTATIONS = YES;
				CLANG_WARN_DIRECT_OBJC_ISA_USAGE = YES_ERROR;
				CLANG_WARN_DOCUMENTATION_COMMENTS = YES;
				CLANG_WARN_EMPTY_BODY = YES;
				CLANG_WARN_ENUM_CONVERSION = YES;
				CLANG_WARN_INFINITE_RECURSION = YES;
				CLANG_WARN_INT_CONVERSION = YES;
				CLANG_WARN_NON_LITERAL_NULL_CONVERSION = YES;
				CLANG_WARN_OBJC_IMPLICIT_RETAIN_SELF = YES;
				CLANG_WARN_OBJC_LITERAL_CONVERSION = YES;
				CLANG_WARN_OBJC_ROOT_CLASS = YES_ERROR;
				CLANG_WARN_QUOTED_INCLUDE_IN_FRAMEWORK_HEADER = YES;
				CLANG_WARN_RANGE_LOOP_ANALYSIS = YES;
				CLANG_WARN_STRICT_PROTOTYPES = YES;
				CLANG_WARN_SUSPICIOUS_MOVE = YES;
				CLANG_WARN_UNGUARDED_AVAILABILITY = YES_AGGRESSIVE;
				CLANG_WARN_UNREACHABLE_CODE = YES;
				CLANG_WARN__DUPLICATE_METHOD_MATCH = YES;
				COPY_PHASE_STRIP = NO;
				DEBUG_INFORMATION_FORMAT = dwarf;
				ENABLE_STRICT_OBJC_MSGSEND = YES;
				ENABLE_TESTABILITY = YES;
				GCC_C_LANGUAGE_STANDARD = gnu11;
				GCC_DYNAMIC_NO_PIC = NO;
				GCC_NO_COMMON_BLOCKS = YES;
				GCC_OPTIMIZATION_LEVEL = 0;
				GCC_PREPROCESSOR_DEFINITIONS = (
					"DEBUG=1",
					"$(inherited)",
				);
				GCC_WARN_64_TO_32_BIT_CONVERSION = YES;
				GCC_WARN_ABOUT_RETURN_TYPE = YES_ERROR;
				GCC_WARN_UNDECLARED_SELECTOR = YES;
				GCC_WARN_UNINITIALIZED_AUTOS = YES_AGGRESSIVE;
				GCC_WARN_UNUSED_FUNCTION = YES;
				GCC_WARN_UNUSED_VARIABLE = YES;
				IPHONEOS_DEPLOYMENT_TARGET = 16.4;
				MTL_ENABLE_DEBUG_INFO = INCLUDE_SOURCE;
				MTL_FAST_MATH = YES;
				ONLY_ACTIVE_ARCH = YES;
				SDKROOT = iphoneos;
				SWIFT_ACTIVE_COMPILATION_CONDITIONS = DEBUG;
				SWIFT_OPTIMIZATION_LEVEL = "-Onone";
			};
			name = Debug;
		};
		3073A36A2A0A6ACB003475C1 /* Release */ = {
			isa = XCBuildConfiguration;
			buildSettings = {
				ALWAYS_SEARCH_USER_PATHS = NO;
				CLANG_ANALYZER_NONNULL = YES;
				CLANG_ANALYZER_NUMBER_OBJECT_CONVERSION = YES_AGGRESSIVE;
				CLANG_CXX_LANGUAGE_STANDARD = "gnu++20";
				CLANG_ENABLE_MODULES = YES;
				CLANG_ENABLE_OBJC_ARC = YES;
				CLANG_ENABLE_OBJC_WEAK = YES;
				CLANG_WARN_BLOCK_CAPTURE_AUTORELEASING = YES;
				CLANG_WARN_BOOL_CONVERSION = YES;
				CLANG_WARN_COMMA = YES;
				CLANG_WARN_CONSTANT_CONVERSION = YES;
				CLANG_WARN_DEPRECATED_OBJC_IMPLEMENTATIONS = YES;
				CLANG_WARN_DIRECT_OBJC_ISA_USAGE = YES_ERROR;
				CLANG_WARN_DOCUMENTATION_COMMENTS = YES;
				CLANG_WARN_EMPTY_BODY = YES;
				CLANG_WARN_ENUM_CONVERSION = YES;
				CLANG_WARN_INFINITE_RECURSION = YES;
				CLANG_WARN_INT_CONVERSION = YES;
				CLANG_WARN_NON_LITERAL_NULL_CONVERSION = YES;
				CLANG_WARN_OBJC_IMPLICIT_RETAIN_SELF = YES;
				CLANG_WARN_OBJC_LITERAL_CONVERSION = YES;
				CLANG_WARN_OBJC_ROOT_CLASS = YES_ERROR;
				CLANG_WARN_QUOTED_INCLUDE_IN_FRAMEWORK_HEADER = YES;
				CLANG_WARN_RANGE_LOOP_ANALYSIS = YES;
				CLANG_WARN_STRICT_PROTOTYPES = YES;
				CLANG_WARN_SUSPICIOUS_MOVE = YES;
				CLANG_WARN_UNGUARDED_AVAILABILITY = YES_AGGRESSIVE;
				CLANG_WARN_UNREACHABLE_CODE = YES;
				CLANG_WARN__DUPLICATE_METHOD_MATCH = YES;
				COPY_PHASE_STRIP = NO;
				DEBUG_INFORMATION_FORMAT = "dwarf-with-dsym";
				ENABLE_NS_ASSERTIONS = NO;
				ENABLE_STRICT_OBJC_MSGSEND = YES;
				GCC_C_LANGUAGE_STANDARD = gnu11;
				GCC_NO_COMMON_BLOCKS = YES;
				GCC_WARN_64_TO_32_BIT_CONVERSION = YES;
				GCC_WARN_ABOUT_RETURN_TYPE = YES_ERROR;
				GCC_WARN_UNDECLARED_SELECTOR = YES;
				GCC_WARN_UNINITIALIZED_AUTOS = YES_AGGRESSIVE;
				GCC_WARN_UNUSED_FUNCTION = YES;
				GCC_WARN_UNUSED_VARIABLE = YES;
				IPHONEOS_DEPLOYMENT_TARGET = 16.4;
				MTL_ENABLE_DEBUG_INFO = NO;
				MTL_FAST_MATH = YES;
				SDKROOT = iphoneos;
				SWIFT_COMPILATION_MODE = wholemodule;
				SWIFT_OPTIMIZATION_LEVEL = "-O";
				VALIDATE_PRODUCT = YES;
			};
			name = Release;
		};
		3073A36C2A0A6ACB003475C1 /* Debug */ = {
			isa = XCBuildConfiguration;
			buildSettings = {
				ASSETCATALOG_COMPILER_APPICON_NAME = AppIcon;
				ASSETCATALOG_COMPILER_GLOBAL_ACCENT_COLOR_NAME = AccentColor;
				CODE_SIGN_STYLE = Automatic;
				CURRENT_PROJECT_VERSION = 1;
				DEVELOPMENT_TEAM = RNQNWA79SV;
				GENERATE_INFOPLIST_FILE = YES;
				INFOPLIST_FILE = PlantIdentifier/Info.plist;
				INFOPLIST_KEY_UIApplicationSupportsIndirectInputEvents = YES;
				INFOPLIST_KEY_UILaunchStoryboardName = LaunchScreen;
				INFOPLIST_KEY_UIMainStoryboardFile = Main;
				INFOPLIST_KEY_UISupportedInterfaceOrientations_iPad = "UIInterfaceOrientationPortrait UIInterfaceOrientationPortraitUpsideDown UIInterfaceOrientationLandscapeLeft UIInterfaceOrientationLandscapeRight";
				INFOPLIST_KEY_UISupportedInterfaceOrientations_iPhone = "UIInterfaceOrientationPortrait UIInterfaceOrientationLandscapeLeft UIInterfaceOrientationLandscapeRight";
				LD_RUNPATH_SEARCH_PATHS = (
					"$(inherited)",
					"@executable_path/Frameworks",
				);
				MARKETING_VERSION = 1.0;
				PRODUCT_BUNDLE_IDENTIFIER = com.kaffka.PlantIdentifier;
				PRODUCT_NAME = "$(TARGET_NAME)";
				SWIFT_EMIT_LOC_STRINGS = YES;
				SWIFT_VERSION = 5.0;
				TARGETED_DEVICE_FAMILY = "1,2";
			};
			name = Debug;
		};
		3073A36D2A0A6ACB003475C1 /* Release */ = {
			isa = XCBuildConfiguration;
			buildSettings = {
				ASSETCATALOG_COMPILER_APPICON_NAME = AppIcon;
				ASSETCATALOG_COMPILER_GLOBAL_ACCENT_COLOR_NAME = AccentColor;
				CODE_SIGN_STYLE = Automatic;
				CURRENT_PROJECT_VERSION = 1;
				DEVELOPMENT_TEAM = RNQNWA79SV;
				GENERATE_INFOPLIST_FILE = YES;
				INFOPLIST_FILE = PlantIdentifier/Info.plist;
				INFOPLIST_KEY_UIApplicationSupportsIndirectInputEvents = YES;
				INFOPLIST_KEY_UILaunchStoryboardName = LaunchScreen;
				INFOPLIST_KEY_UIMainStoryboardFile = Main;
				INFOPLIST_KEY_UISupportedInterfaceOrientations_iPad = "UIInterfaceOrientationPortrait UIInterfaceOrientationPortraitUpsideDown UIInterfaceOrientationLandscapeLeft UIInterfaceOrientationLandscapeRight";
				INFOPLIST_KEY_UISupportedInterfaceOrientations_iPhone = "UIInterfaceOrientationPortrait UIInterfaceOrientationLandscapeLeft UIInterfaceOrientationLandscapeRight";
				LD_RUNPATH_SEARCH_PATHS = (
					"$(inherited)",
					"@executable_path/Frameworks",
				);
				MARKETING_VERSION = 1.0;
				PRODUCT_BUNDLE_IDENTIFIER = com.kaffka.PlantIdentifier;
				PRODUCT_NAME = "$(TARGET_NAME)";
				SWIFT_EMIT_LOC_STRINGS = YES;
				SWIFT_VERSION = 5.0;
				TARGETED_DEVICE_FAMILY = "1,2";
			};
			name = Release;
		};
/* End XCBuildConfiguration section */

/* Begin XCConfigurationList section */
		3073A3522A0A6AC9003475C1 /* Build configuration list for PBXProject "PlantIdentifier" */ = {
			isa = XCConfigurationList;
			buildConfigurations = (
				3073A3692A0A6ACB003475C1 /* Debug */,
				3073A36A2A0A6ACB003475C1 /* Release */,
			);
			defaultConfigurationIsVisible = 0;
			defaultConfigurationName = Release;
		};
		3073A36B2A0A6ACB003475C1 /* Build configuration list for PBXNativeTarget "PlantIdentifier" */ = {
			isa = XCConfigurationList;
			buildConfigurations = (
				3073A36C2A0A6ACB003475C1 /* Debug */,
				3073A36D2A0A6ACB003475C1 /* Release */,
			);
			defaultConfigurationIsVisible = 0;
			defaultConfigurationName = Release;
		};
/* End XCConfigurationList section */

/* Begin XCRemoteSwiftPackageReference section */
		3073A3702A0A81BE003475C1 /* XCRemoteSwiftPackageReference "Alamofire" */ = {
			isa = XCRemoteSwiftPackageReference;
			repositoryURL = "https://github.com/Alamofire/Alamofire.git";
			requirement = {
				kind = upToNextMajorVersion;
				minimumVersion = 5.0.0;
			};
		};
		3073A3732A0A81F8003475C1 /* XCRemoteSwiftPackageReference "SwiftyJSON" */ = {
			isa = XCRemoteSwiftPackageReference;
			repositoryURL = "https://github.com/SwiftyJSON/SwiftyJSON.git";
			requirement = {
				kind = upToNextMajorVersion;
				minimumVersion = 5.0.0;
			};
		};
/* End XCRemoteSwiftPackageReference section */

/* Begin XCSwiftPackageProductDependency section */
		3073A3712A0A81BE003475C1 /* Alamofire */ = {
			isa = XCSwiftPackageProductDependency;
			package = 3073A3702A0A81BE003475C1 /* XCRemoteSwiftPackageReference "Alamofire" */;
			productName = Alamofire;
		};
		3073A3742A0A81F8003475C1 /* SwiftyJSON */ = {
			isa = XCSwiftPackageProductDependency;
			package = 3073A3732A0A81F8003475C1 /* XCRemoteSwiftPackageReference "SwiftyJSON" */;
			productName = SwiftyJSON;
		};
/* End XCSwiftPackageProductDependency section */
	};
	rootObject = 3073A34F2A0A6AC9003475C1 /* Project object */;
}
